
Microsoft Visual Studio Solution File, Format Version 12.00
# Visual Studio Version 17
VisualStudioVersion = 17.4.33213.308
MinimumVisualStudioVersion = 10.0.40219.1
Project("{FAE04EC0-301F-11D3-BF4B-00C04F79EFBC}") = "WebAppInDocker", "WebAppInDocker\WebAppInDocker.csproj", "{164B6662-5347-47A7-B639-DA3399C63ECB}"
EndProject
Project("{E53339B2-1760-4266-BCC7-CA923CBCF16C}") = "docker-compose", "docker-compose.dcproj", "{E9F00F5C-DC4D-412E-8239-141CEF9F5807}"
EndProject
Project("{2150E333-8FDC-42A3-9474-1A3956D46DE8}") = "Solution Items", "Solution Items", "{144BA540-BF32-4FF1-B6A9-FD25E5ACD7A7}"
	ProjectSection(SolutionItems) = preProject
		.github\workflows\BuildAndPushDockerImage.yml = .github\workflows\BuildAndPushDockerImage.yml
	EndProjectSection
EndProject
Global
	GlobalSection(SolutionConfigurationPlatforms) = preSolution
		Debug|Any CPU = Debug|Any CPU
		Release|Any CPU = Release|Any CPU
	EndGlobalSection
	GlobalSection(ProjectConfigurationPlatforms) = postSolution
		{164B6662-5347-47A7-B639-DA3399C63ECB}.Debug|Any CPU.ActiveCfg = Debug|Any CPU
		{164B6662-5347-47A7-B639-DA3399C63ECB}.Debug|Any CPU.Build.0 = Debug|Any CPU
		{164B6662-5347-47A7-B639-DA3399C63ECB}.Release|Any CPU.ActiveCfg = Release|Any CPU
		{164B6662-5347-47A7-B639-DA3399C63ECB}.Release|Any CPU.Build.0 = Release|Any CPU
		{E9F00F5C-DC4D-412E-8239-141CEF9F5807}.Debug|Any CPU.ActiveCfg = Debug|Any CPU
		{E9F00F5C-DC4D-412E-8239-141CEF9F5807}.Debug|Any CPU.Build.0 = Debug|Any CPU
		{E9F00F5C-DC4D-412E-8239-141CEF9F5807}.Release|Any CPU.ActiveCfg = Release|Any CPU
		{E9F00F5C-DC4D-412E-8239-141CEF9F5807}.Release|Any CPU.Build.0 = Release|Any CPU
	EndGlobalSection
	GlobalSection(SolutionProperties) = preSolution
		HideSolutionNode = FALSE
	EndGlobalSection
	GlobalSection(ExtensibilityGlobals) = postSolution
		SolutionGuid = {811AC6E0-1EA1-4D91-90D1-78F23544A24E}
	EndGlobalSection
EndGlobal
